
Microsoft Visual Studio Solution File, Format Version 12.00
# Visual Studio 15
VisualStudioVersion = 15.0.26403.3
MinimumVisualStudioVersion = 10.0.40219.1
Project("{FAE04EC0-301F-11D3-BF4B-00C04F79EFBC}") = "Skia.Android", "Skia\Skia.Android\Skia.Android.csproj", "{317B3D33-68BA-4963-A2F5-61CA87898022}"
EndProject
Project("{FAE04EC0-301F-11D3-BF4B-00C04F79EFBC}") = "Skia", "Skia\Skia\Skia.csproj", "{DF29807B-07EE-4F8C-9332-2DBAE719E2B4}"
EndProject
Project("{FAE04EC0-301F-11D3-BF4B-00C04F79EFBC}") = "Skia.iOS", "Skia\Skia.iOS\Skia.iOS.csproj", "{16145055-7E5B-47FF-BD26-96D321591B7C}"
EndProject
Global
	GlobalSection(SolutionConfigurationPlatforms) = preSolution
		Ad-Hoc|Any CPU = Ad-Hoc|Any CPU
		Ad-Hoc|iPhone = Ad-Hoc|iPhone
		Ad-Hoc|iPhoneSimulator = Ad-Hoc|iPhoneSimulator
		AppStore|Any CPU = AppStore|Any CPU
		AppStore|iPhone = AppStore|iPhone
		AppStore|iPhoneSimulator = AppStore|iPhoneSimulator
		Debug|Any CPU = Debug|Any CPU
		Debug|iPhone = Debug|iPhone
		Debug|iPhoneSimulator = Debug|iPhoneSimulator
		Release|Any CPU = Release|Any CPU
		Release|iPhone = Release|iPhone
		Release|iPhoneSimulator = Release|iPhoneSimulator
	EndGlobalSection
	GlobalSection(ProjectConfigurationPlatforms) = postSolution
		{317B3D33-68BA-4963-A2F5-61CA87898022}.Ad-Hoc|Any CPU.ActiveCfg = Release|Any CPU
		{317B3D33-68BA-4963-A2F5-61CA87898022}.Ad-Hoc|Any CPU.Build.0 = Release|Any CPU
		{317B3D33-68BA-4963-A2F5-61CA87898022}.Ad-Hoc|Any CPU.Deploy.0 = Release|Any CPU
		{317B3D33-68BA-4963-A2F5-61CA87898022}.Ad-Hoc|iPhone.ActiveCfg = Release|Any CPU
		{317B3D33-68BA-4963-A2F5-61CA87898022}.Ad-Hoc|iPhone.Build.0 = Release|Any CPU
		{317B3D33-68BA-4963-A2F5-61CA87898022}.Ad-Hoc|iPhone.Deploy.0 = Release|Any CPU
		{317B3D33-68BA-4963-A2F5-61CA87898022}.Ad-Hoc|iPhoneSimulator.ActiveCfg = Release|Any CPU
		{317B3D33-68BA-4963-A2F5-61CA87898022}.Ad-Hoc|iPhoneSimulator.Build.0 = Release|Any CPU
		{317B3D33-68BA-4963-A2F5-61CA87898022}.Ad-Hoc|iPhoneSimulator.Deploy.0 = Release|Any CPU
		{317B3D33-68BA-4963-A2F5-61CA87898022}.AppStore|Any CPU.ActiveCfg = Release|Any CPU
		{317B3D33-68BA-4963-A2F5-61CA87898022}.AppStore|Any CPU.Build.0 = Release|Any CPU
		{317B3D33-68BA-4963-A2F5-61CA87898022}.AppStore|Any CPU.Deploy.0 = Release|Any CPU
		{317B3D33-68BA-4963-A2F5-61CA87898022}.AppStore|iPhone.ActiveCfg = Release|Any CPU
		{317B3D33-68BA-4963-A2F5-61CA87898022}.AppStore|iPhone.Build.0 = Release|Any CPU
		{317B3D33-68BA-4963-A2F5-61CA87898022}.AppStore|iPhone.Deploy.0 = Release|Any CPU
		{317B3D33-68BA-4963-A2F5-61CA87898022}.AppStore|iPhoneSimulator.ActiveCfg = Release|Any CPU
		{317B3D33-68BA-4963-A2F5-61CA87898022}.AppStore|iPhoneSimulator.Build.0 = Release|Any CPU
		{317B3D33-68BA-4963-A2F5-61CA87898022}.AppStore|iPhoneSimulator.Deploy.0 = Release|Any CPU
		{317B3D33-68BA-4963-A2F5-61CA87898022}.Debug|Any CPU.ActiveCfg = Debug|Any CPU
		{317B3D33-68BA-4963-A2F5-61CA87898022}.Debug|Any CPU.Build.0 = Debug|Any CPU
		{317B3D33-68BA-4963-A2F5-61CA87898022}.Debug|Any CPU.Deploy.0 = Debug|Any CPU
		{317B3D33-68BA-4963-A2F5-61CA87898022}.Debug|iPhone.ActiveCfg = Debug|Any CPU
		{317B3D33-68BA-4963-A2F5-61CA87898022}.Debug|iPhone.Build.0 = Debug|Any CPU
		{317B3D33-68BA-4963-A2F5-61CA87898022}.Debug|iPhone.Deploy.0 = Debug|Any CPU
		{317B3D33-68BA-4963-A2F5-61CA87898022}.Debug|iPhoneSimulator.ActiveCfg = Debug|Any CPU
		{317B3D33-68BA-4963-A2F5-61CA87898022}.Debug|iPhoneSimulator.Build.0 = Debug|Any CPU
		{317B3D33-68BA-4963-A2F5-61CA87898022}.Debug|iPhoneSimulator.Deploy.0 = Debug|Any CPU
		{317B3D33-68BA-4963-A2F5-61CA87898022}.Release|Any CPU.ActiveCfg = Release|Any CPU
		{317B3D33-68BA-4963-A2F5-61CA87898022}.Release|Any CPU.Build.0 = Release|Any CPU
		{317B3D33-68BA-4963-A2F5-61CA87898022}.Release|Any CPU.Deploy.0 = Release|Any CPU
		{317B3D33-68BA-4963-A2F5-61CA87898022}.Release|iPhone.ActiveCfg = Release|Any CPU
		{317B3D33-68BA-4963-A2F5-61CA87898022}.Release|iPhone.Build.0 = Release|Any CPU
		{317B3D33-68BA-4963-A2F5-61CA87898022}.Release|iPhone.Deploy.0 = Release|Any CPU
		{317B3D33-68BA-4963-A2F5-61CA87898022}.Release|iPhoneSimulator.ActiveCfg = Release|Any CPU
		{317B3D33-68BA-4963-A2F5-61CA87898022}.Release|iPhoneSimulator.Build.0 = Release|Any CPU
		{317B3D33-68BA-4963-A2F5-61CA87898022}.Release|iPhoneSimulator.Deploy.0 = Release|Any CPU
		{DF29807B-07EE-4F8C-9332-2DBAE719E2B4}.Ad-Hoc|Any CPU.ActiveCfg = Release|Any CPU
		{DF29807B-07EE-4F8C-9332-2DBAE719E2B4}.Ad-Hoc|Any CPU.Build.0 = Release|Any CPU
		{DF29807B-07EE-4F8C-9332-2DBAE719E2B4}.Ad-Hoc|iPhone.ActiveCfg = Release|Any CPU
		{DF29807B-07EE-4F8C-9332-2DBAE719E2B4}.Ad-Hoc|iPhone.Build.0 = Release|Any CPU
		{DF29807B-07EE-4F8C-9332-2DBAE719E2B4}.Ad-Hoc|iPhoneSimulator.ActiveCfg = Release|Any CPU
		{DF29807B-07EE-4F8C-9332-2DBAE719E2B4}.Ad-Hoc|iPhoneSimulator.Build.0 = Release|Any CPU
		{DF29807B-07EE-4F8C-9332-2DBAE719E2B4}.AppStore|Any CPU.ActiveCfg = Release|Any CPU
		{DF29807B-07EE-4F8C-9332-2DBAE719E2B4}.AppStore|Any CPU.Build.0 = Release|Any CPU
		{DF29807B-07EE-4F8C-9332-2DBAE719E2B4}.AppStore|iPhone.ActiveCfg = Release|Any CPU
		{DF29807B-07EE-4F8C-9332-2DBAE719E2B4}.AppStore|iPhone.Build.0 = Release|Any CPU
		{DF29807B-07EE-4F8C-9332-2DBAE719E2B4}.AppStore|iPhoneSimulator.ActiveCfg = Release|Any CPU
		{DF29807B-07EE-4F8C-9332-2DBAE719E2B4}.AppStore|iPhoneSimulator.Build.0 = Release|Any CPU
		{DF29807B-07EE-4F8C-9332-2DBAE719E2B4}.Debug|Any CPU.ActiveCfg = Debug|Any CPU
		{DF29807B-07EE-4F8C-9332-2DBAE719E2B4}.Debug|Any CPU.Build.0 = Debug|Any CPU
		{DF29807B-07EE-4F8C-9332-2DBAE719E2B4}.Debug|iPhone.ActiveCfg = Debug|Any CPU
		{DF29807B-07EE-4F8C-9332-2DBAE719E2B4}.Debug|iPhone.Build.0 = Debug|Any CPU
		{DF29807B-07EE-4F8C-9332-2DBAE719E2B4}.Debug|iPhoneSimulator.ActiveCfg = Debug|Any CPU
		{DF29807B-07EE-4F8C-9332-2DBAE719E2B4}.Debug|iPhoneSimulator.Build.0 = Debug|Any CPU
		{DF29807B-07EE-4F8C-9332-2DBAE719E2B4}.Release|Any CPU.ActiveCfg = Release|Any CPU
		{DF29807B-07EE-4F8C-9332-2DBAE719E2B4}.Release|Any CPU.Build.0 = Release|Any CPU
		{DF29807B-07EE-4F8C-9332-2DBAE719E2B4}.Release|iPhone.ActiveCfg = Release|Any CPU
		{DF29807B-07EE-4F8C-9332-2DBAE719E2B4}.Release|iPhone.Build.0 = Release|Any CPU
		{DF29807B-07EE-4F8C-9332-2DBAE719E2B4}.Release|iPhoneSimulator.ActiveCfg = Release|Any CPU
		{DF29807B-07EE-4F8C-9332-2DBAE719E2B4}.Release|iPhoneSimulator.Build.0 = Release|Any CPU
		{16145055-7E5B-47FF-BD26-96D321591B7C}.Ad-Hoc|Any CPU.ActiveCfg = Ad-Hoc|iPhone
		{16145055-7E5B-47FF-BD26-96D321591B7C}.Ad-Hoc|iPhone.ActiveCfg = Ad-Hoc|iPhone
		{16145055-7E5B-47FF-BD26-96D321591B7C}.Ad-Hoc|iPhone.Build.0 = Ad-Hoc|iPhone
		{16145055-7E5B-47FF-BD26-96D321591B7C}.Ad-Hoc|iPhoneSimulator.ActiveCfg = Ad-Hoc|iPhoneSimulator
		{16145055-7E5B-47FF-BD26-96D321591B7C}.Ad-Hoc|iPhoneSimulator.Build.0 = Ad-Hoc|iPhoneSimulator
		{16145055-7E5B-47FF-BD26-96D321591B7C}.AppStore|Any CPU.ActiveCfg = AppStore|iPhone
		{16145055-7E5B-47FF-BD26-96D321591B7C}.AppStore|iPhone.ActiveCfg = AppStore|iPhone
		{16145055-7E5B-47FF-BD26-96D321591B7C}.AppStore|iPhone.Build.0 = AppStore|iPhone
		{16145055-7E5B-47FF-BD26-96D321591B7C}.AppStore|iPhoneSimulator.ActiveCfg = AppStore|iPhoneSimulator
		{16145055-7E5B-47FF-BD26-96D321591B7C}.AppStore|iPhoneSimulator.Build.0 = AppStore|iPhoneSimulator
		{16145055-7E5B-47FF-BD26-96D321591B7C}.Debug|Any CPU.ActiveCfg = Debug|iPhone
		{16145055-7E5B-47FF-BD26-96D321591B7C}.Debug|iPhone.ActiveCfg = Debug|iPhone
		{16145055-7E5B-47FF-BD26-96D321591B7C}.Debug|iPhone.Build.0 = Debug|iPhone
		{16145055-7E5B-47FF-BD26-96D321591B7C}.Debug|iPhoneSimulator.ActiveCfg = Debug|iPhoneSimulator
		{16145055-7E5B-47FF-BD26-96D321591B7C}.Debug|iPhoneSimulator.Build.0 = Debug|iPhoneSimulator
		{16145055-7E5B-47FF-BD26-96D321591B7C}.Release|Any CPU.ActiveCfg = Release|iPhone
		{16145055-7E5B-47FF-BD26-96D321591B7C}.Release|iPhone.ActiveCfg = Release|iPhone
		{16145055-7E5B-47FF-BD26-96D321591B7C}.Release|iPhone.Build.0 = Release|iPhone
		{16145055-7E5B-47FF-BD26-96D321591B7C}.Release|iPhoneSimulator.ActiveCfg = Release|iPhoneSimulator
		{16145055-7E5B-47FF-BD26-96D321591B7C}.Release|iPhoneSimulator.Build.0 = Release|iPhoneSimulator
	EndGlobalSection
	GlobalSection(SolutionProperties) = preSolution
		HideSolutionNode = FALSE
	EndGlobalSection
EndGlobal
